
Microsoft Visual Studio Solution File, Format Version 12.00
# Visual Studio Version 17
VisualStudioVersion = 17.10.35013.160
MinimumVisualStudioVersion = 10.0.40219.1
Project("{888888A0-9F3D-457C-B088-3A5042F75D52}") = "Bus-simulator-2024", "src\Bus-simulator-2024.pyproj", "{44C52B40-F506-42F3-9525-102726257116}"
EndProject
Global
	GlobalSection(SolutionConfigurationPlatforms) = preSolution
		Debug|Any CPU = Debug|Any CPU
		Release|Any CPU = Release|Any CPU
	EndGlobalSection
	GlobalSection(ProjectConfigurationPlatforms) = postSolution
		{44C52B40-F506-42F3-9525-102726257116}.Debug|Any CPU.ActiveCfg = Debug|Any CPU
		{44C52B40-F506-42F3-9525-102726257116}.Release|Any CPU.ActiveCfg = Release|Any CPU
	EndGlobalSection
	GlobalSection(SolutionProperties) = preSolution
		HideSolutionNode = FALSE
	EndGlobalSection
	GlobalSection(ExtensibilityGlobals) = postSolution
		SolutionGuid = {5FA030CA-EB9C-4361-B530-CE259BA60237}
	EndGlobalSectionSS
EndGlobal
